{
    "_readme": [
        "This file locks the dependencies of your project to a known state",
        "Read more about it at https://getcomposer.org/doc/01-basic-usage.md#installing-dependencies",
        "This file is @generated automatically"
    ],
    "content-hash": "33364faccde5e3f8330588b6ceed905e",
    "packages": [
        {
            "name": "andreyryabin/sprint.migration",
            "version": "4.3.1",
            "source": {
                "type": "git",
                "url": "https://github.com/andreyryabin/sprint.migration.git",
                "reference": "28059b1ffdd8661a4896d85f9602f40a8ac30a32"
            },
            "dist": {
                "type": "zip",
                "url": "https://api.github.com/repos/andreyryabin/sprint.migration/zipball/28059b1ffdd8661a4896d85f9602f40a8ac30a32",
                "reference": "28059b1ffdd8661a4896d85f9602f40a8ac30a32",
                "shasum": ""
            },
            "require": {
                "composer/installers": "~1",
                "ext-iconv": "*",
                "ext-json": "*",
                "php": ">=7.0"
            },
            "type": "bitrix-module",
            "notification-url": "https://packagist.org/downloads/",
            "license": [
                "MIT"
            ],
            "authors": [
                {
                    "name": "Andrey Ryabin",
                    "email": "andreyryabin@yandex.ru",
                    "role": "Author"
                }
            ],
            "description": "bitrix migration module",
            "homepage": "http://marketplace.1c-bitrix.ru/solutions/sprint.migration/",
            "keywords": [
                "andrey",
                "bitrix",
                "migration",
                "ryabin",
                "sprint"
            ],
            "support": {
                "issues": "https://github.com/andreyryabin/sprint.migration/issues",
                "source": "https://github.com/andreyryabin/sprint.migration/tree/4.3.1"
            },
            "funding": [
                {
                    "url": "https://yoomoney.ru/to/410012104240288",
                    "type": "custom"
                }
            ],
            "time": "2023-03-14T15:58:33+00:00"
        },
        {
            "name": "composer/installers",
            "version": "v1.12.0",
            "source": {
                "type": "git",
                "url": "https://github.com/composer/installers.git",
                "reference": "d20a64ed3c94748397ff5973488761b22f6d3f19"
            },
            "dist": {
                "type": "zip",
                "url": "https://api.github.com/repos/composer/installers/zipball/d20a64ed3c94748397ff5973488761b22f6d3f19",
                "reference": "d20a64ed3c94748397ff5973488761b22f6d3f19",
                "shasum": ""
            },
            "require": {
                "composer-plugin-api": "^1.0 || ^2.0"
            },
            "replace": {
                "roundcube/plugin-installer": "*",
                "shama/baton": "*"
            },
            "require-dev": {
                "composer/composer": "1.6.* || ^2.0",
                "composer/semver": "^1 || ^3",
                "phpstan/phpstan": "^0.12.55",
                "phpstan/phpstan-phpunit": "^0.12.16",
                "symfony/phpunit-bridge": "^4.2 || ^5",
                "symfony/process": "^2.3"
            },
            "type": "composer-plugin",
            "extra": {
                "class": "Composer\\Installers\\Plugin",
                "branch-alias": {
                    "dev-main": "1.x-dev"
                }
            },
            "autoload": {
                "psr-4": {
                    "Composer\\Installers\\": "src/Composer/Installers"
                }
            },
            "notification-url": "https://packagist.org/downloads/",
            "license": [
                "MIT"
            ],
            "authors": [
                {
                    "name": "Kyle Robinson Young",
                    "email": "kyle@dontkry.com",
                    "homepage": "https://github.com/shama"
                }
            ],
            "description": "A multi-framework Composer library installer",
            "homepage": "https://composer.github.io/installers/",
            "keywords": [
                "Craft",
                "Dolibarr",
                "Eliasis",
                "Hurad",
                "ImageCMS",
                "Kanboard",
                "Lan Management System",
                "MODX Evo",
                "MantisBT",
                "Mautic",
                "Maya",
                "OXID",
                "Plentymarkets",
                "Porto",
                "RadPHP",
                "SMF",
                "Starbug",
                "Thelia",
                "Whmcs",
                "WolfCMS",
                "agl",
                "aimeos",
                "annotatecms",
                "attogram",
                "bitrix",
                "cakephp",
                "chef",
                "cockpit",
                "codeigniter",
                "concrete5",
                "croogo",
                "dokuwiki",
                "drupal",
                "eZ Platform",
                "elgg",
                "expressionengine",
                "fuelphp",
                "grav",
                "installer",
                "itop",
                "joomla",
                "known",
                "kohana",
                "laravel",
                "lavalite",
                "lithium",
                "magento",
                "majima",
                "mako",
                "mediawiki",
                "miaoxing",
                "modulework",
                "modx",
                "moodle",
                "osclass",
                "pantheon",
                "phpbb",
                "piwik",
                "ppi",
                "processwire",
                "puppet",
                "pxcms",
                "reindex",
                "roundcube",
                "shopware",
                "silverstripe",
                "sydes",
                "sylius",
                "symfony",
                "tastyigniter",
                "typo3",
                "wordpress",
                "yawik",
                "zend",
                "zikula"
            ],
            "support": {
                "issues": "https://github.com/composer/installers/issues",
                "source": "https://github.com/composer/installers/tree/v1.12.0"
            },
            "funding": [
                {
                    "url": "https://packagist.com",
                    "type": "custom"
                },
                {
                    "url": "https://github.com/composer",
                    "type": "github"
                },
                {
                    "url": "https://tidelift.com/funding/github/packagist/composer/composer",
                    "type": "tidelift"
                }
            ],
            "time": "2021-09-13T08:19:44+00:00"
        },
        {
            "name": "kint-php/kint",
            "version": "5.0.7",
            "source": {
                "type": "git",
                "url": "https://github.com/kint-php/kint.git",
                "reference": "a700653a77250b122920799b10c94e904c9b78c7"
            },
            "dist": {
                "type": "zip",
                "url": "https://api.github.com/repos/kint-php/kint/zipball/a700653a77250b122920799b10c94e904c9b78c7",
                "reference": "a700653a77250b122920799b10c94e904c9b78c7",
                "shasum": ""
            },
            "require": {
                "php": ">=7.1"
            },
            "require-dev": {
                "friendsofphp/php-cs-fixer": "^3",
                "phpspec/prophecy-phpunit": "^2",
                "phpunit/phpunit": "^9",
                "seld/phar-utils": "^1",
                "symfony/finder": "^4.0 || ^5.0 || ^6.0",
                "vimeo/psalm": "^5@dev"
            },
            "suggest": {
                "kint-php/kint-helpers": "Provides extra helper functions",
                "kint-php/kint-twig": "Provides d() and s() functions in twig templates"
            },
            "type": "library",
            "autoload": {
                "files": [
                    "init.php"
                ],
                "psr-4": {
                    "Kint\\": "src/"
                }
            },
            "notification-url": "https://packagist.org/downloads/",
            "license": [
                "MIT"
            ],
            "authors": [
                {
                    "name": "Jonathan Vollebregt",
                    "homepage": "https://github.com/jnvsor"
                },
                {
                    "name": "Contributors",
                    "homepage": "https://github.com/kint-php/kint/graphs/contributors"
                }
            ],
            "description": "Kint - debugging tool for PHP developers",
            "homepage": "https://kint-php.github.io/kint/",
            "keywords": [
                "debug",
                "kint",
                "php"
            ],
            "support": {
                "issues": "https://github.com/kint-php/kint/issues",
                "source": "https://github.com/kint-php/kint/tree/5.0.7"
            },
            "time": "2023-06-26T19:25:00+00:00"
        },
        {
            "name": "psr/cache",
            "version": "1.0.1",
            "source": {
                "type": "git",
                "url": "https://github.com/php-fig/cache.git",
                "reference": "d11b50ad223250cf17b86e38383413f5a6764bf8"
            },
            "dist": {
                "type": "zip",
                "url": "https://api.github.com/repos/php-fig/cache/zipball/d11b50ad223250cf17b86e38383413f5a6764bf8",
                "reference": "d11b50ad223250cf17b86e38383413f5a6764bf8",
                "shasum": ""
            },
            "require": {
                "php": ">=5.3.0"
            },
            "type": "library",
            "extra": {
                "branch-alias": {
                    "dev-master": "1.0.x-dev"
                }
            },
            "autoload": {
                "psr-4": {
                    "Psr\\Cache\\": "src/"
                }
            },
            "notification-url": "https://packagist.org/downloads/",
            "license": [
                "MIT"
            ],
            "authors": [
                {
                    "name": "PHP-FIG",
                    "homepage": "http://www.php-fig.org/"
                }
            ],
            "description": "Common interface for caching libraries",
            "keywords": [
                "cache",
                "psr",
                "psr-6"
            ],
            "support": {
                "source": "https://github.com/php-fig/cache/tree/master"
            },
            "time": "2016-08-06T20:24:11+00:00"
        },
        {
            "name": "psr/container",
            "version": "1.1.2",
            "source": {
                "type": "git",
                "url": "https://github.com/php-fig/container.git",
                "reference": "513e0666f7216c7459170d56df27dfcefe1689ea"
            },
            "dist": {
                "type": "zip",
                "url": "https://api.github.com/repos/php-fig/container/zipball/513e0666f7216c7459170d56df27dfcefe1689ea",
                "reference": "513e0666f7216c7459170d56df27dfcefe1689ea",
                "shasum": ""
            },
            "require": {
                "php": ">=7.4.0"
            },
            "type": "library",
            "autoload": {
                "psr-4": {
                    "Psr\\Container\\": "src/"
                }
            },
            "notification-url": "https://packagist.org/downloads/",
            "license": [
                "MIT"
            ],
            "authors": [
                {
                    "name": "PHP-FIG",
                    "homepage": "https://www.php-fig.org/"
                }
            ],
            "description": "Common Container Interface (PHP FIG PSR-11)",
            "homepage": "https://github.com/php-fig/container",
            "keywords": [
                "PSR-11",
                "container",
                "container-interface",
                "container-interop",
                "psr"
            ],
            "support": {
                "issues": "https://github.com/php-fig/container/issues",
                "source": "https://github.com/php-fig/container/tree/1.1.2"
            },
            "time": "2021-11-05T16:50:12+00:00"
        },
        {
            "name": "psr/event-dispatcher",
            "version": "1.0.0",
            "source": {
                "type": "git",
                "url": "https://github.com/php-fig/event-dispatcher.git",
                "reference": "dbefd12671e8a14ec7f180cab83036ed26714bb0"
            },
            "dist": {
                "type": "zip",
                "url": "https://api.github.com/repos/php-fig/event-dispatcher/zipball/dbefd12671e8a14ec7f180cab83036ed26714bb0",
                "reference": "dbefd12671e8a14ec7f180cab83036ed26714bb0",
                "shasum": ""
            },
            "require": {
                "php": ">=7.2.0"
            },
            "type": "library",
            "extra": {
                "branch-alias": {
                    "dev-master": "1.0.x-dev"
                }
            },
            "autoload": {
                "psr-4": {
                    "Psr\\EventDispatcher\\": "src/"
                }
            },
            "notification-url": "https://packagist.org/downloads/",
            "license": [
                "MIT"
            ],
            "authors": [
                {
                    "name": "PHP-FIG",
                    "homepage": "http://www.php-fig.org/"
                }
            ],
            "description": "Standard interfaces for event handling.",
            "keywords": [
                "events",
                "psr",
                "psr-14"
            ],
            "support": {
                "issues": "https://github.com/php-fig/event-dispatcher/issues",
                "source": "https://github.com/php-fig/event-dispatcher/tree/1.0.0"
            },
            "time": "2019-01-08T18:20:26+00:00"
        },
        {
            "name": "psr/log",
            "version": "1.1.4",
            "source": {
                "type": "git",
                "url": "https://github.com/php-fig/log.git",
                "reference": "d49695b909c3b7628b6289db5479a1c204601f11"
            },
            "dist": {
                "type": "zip",
                "url": "https://api.github.com/repos/php-fig/log/zipball/d49695b909c3b7628b6289db5479a1c204601f11",
                "reference": "d49695b909c3b7628b6289db5479a1c204601f11",
                "shasum": ""
            },
            "require": {
                "php": ">=5.3.0"
            },
            "type": "library",
            "extra": {
                "branch-alias": {
                    "dev-master": "1.1.x-dev"
                }
            },
            "autoload": {
                "psr-4": {
                    "Psr\\Log\\": "Psr/Log/"
                }
            },
            "notification-url": "https://packagist.org/downloads/",
            "license": [
                "MIT"
            ],
            "authors": [
                {
                    "name": "PHP-FIG",
                    "homepage": "https://www.php-fig.org/"
                }
            ],
            "description": "Common interface for logging libraries",
            "homepage": "https://github.com/php-fig/log",
            "keywords": [
                "log",
                "psr",
                "psr-3"
            ],
            "support": {
                "source": "https://github.com/php-fig/log/tree/1.1.4"
            },
            "time": "2021-05-03T11:20:27+00:00"
        },
        {
            "name": "psr/simple-cache",
            "version": "1.0.1",
            "source": {
                "type": "git",
                "url": "https://github.com/php-fig/simple-cache.git",
                "reference": "408d5eafb83c57f6365a3ca330ff23aa4a5fa39b"
            },
            "dist": {
                "type": "zip",
                "url": "https://api.github.com/repos/php-fig/simple-cache/zipball/408d5eafb83c57f6365a3ca330ff23aa4a5fa39b",
                "reference": "408d5eafb83c57f6365a3ca330ff23aa4a5fa39b",
                "shasum": ""
            },
            "require": {
                "php": ">=5.3.0"
            },
            "type": "library",
            "extra": {
                "branch-alias": {
                    "dev-master": "1.0.x-dev"
                }
            },
            "autoload": {
                "psr-4": {
                    "Psr\\SimpleCache\\": "src/"
                }
            },
            "notification-url": "https://packagist.org/downloads/",
            "license": [
                "MIT"
            ],
            "authors": [
                {
                    "name": "PHP-FIG",
                    "homepage": "http://www.php-fig.org/"
                }
            ],
            "description": "Common interfaces for simple caching",
            "keywords": [
                "cache",
                "caching",
                "psr",
                "psr-16",
                "simple-cache"
            ],
            "support": {
                "source": "https://github.com/php-fig/simple-cache/tree/master"
            },
            "time": "2017-10-23T01:57:42+00:00"
        },
        {
            "name": "symfony/contracts",
            "version": "v2.5.2",
            "source": {
                "type": "git",
                "url": "https://github.com/symfony/contracts.git",
                "reference": "d3da2932c17d3cc0d6cd167518cc63ab7b909f38"
            },
            "dist": {
                "type": "zip",
                "url": "https://api.github.com/repos/symfony/contracts/zipball/d3da2932c17d3cc0d6cd167518cc63ab7b909f38",
                "reference": "d3da2932c17d3cc0d6cd167518cc63ab7b909f38",
                "shasum": ""
            },
            "require": {
                "php": ">=7.2.5",
                "psr/cache": "^1.0|^2.0|^3.0",
                "psr/container": "^1.1",
                "psr/event-dispatcher": "^1.0"
            },
            "conflict": {
                "ext-psr": "<1.1|>=2"
            },
            "replace": {
                "symfony/cache-contracts": "self.version",
                "symfony/deprecation-contracts": "self.version",
                "symfony/event-dispatcher-contracts": "self.version",
                "symfony/http-client-contracts": "self.version",
                "symfony/service-contracts": "self.version",
                "symfony/translation-contracts": "self.version"
            },
            "require-dev": {
                "symfony/polyfill-intl-idn": "^1.10"
            },
            "suggest": {
                "symfony/cache-implementation": "",
                "symfony/event-dispatcher-implementation": "",
                "symfony/http-client-implementation": "",
                "symfony/service-implementation": "",
                "symfony/translation-implementation": ""
            },
            "type": "library",
            "extra": {
                "branch-alias": {
                    "dev-main": "2.5-dev"
                }
            },
            "autoload": {
                "files": [
                    "Deprecation/function.php"
                ],
                "psr-4": {
                    "Symfony\\Contracts\\": ""
                },
                "exclude-from-classmap": [
                    "**/Tests/"
                ]
            },
            "notification-url": "https://packagist.org/downloads/",
            "license": [
                "MIT"
            ],
            "authors": [
                {
                    "name": "Nicolas Grekas",
                    "email": "p@tchwork.com"
                },
                {
                    "name": "Symfony Community",
                    "homepage": "https://symfony.com/contributors"
                }
            ],
            "description": "A set of abstractions extracted out of the Symfony components",
            "homepage": "https://symfony.com",
            "keywords": [
                "abstractions",
                "contracts",
                "decoupling",
                "interfaces",
                "interoperability",
                "standards"
            ],
            "support": {
                "source": "https://github.com/symfony/contracts/tree/v2.5.2"
            },
            "funding": [
                {
                    "url": "https://symfony.com/sponsor",
                    "type": "custom"
                },
                {
                    "url": "https://github.com/fabpot",
                    "type": "github"
                },
                {
                    "url": "https://tidelift.com/funding/github/packagist/symfony/symfony",
                    "type": "tidelift"
                }
            ],
            "time": "2022-06-27T16:58:25+00:00"
        },
        {
            "name": "symfony/polyfill-php80",
            "version": "v1.27.0",
            "source": {
                "type": "git",
                "url": "https://github.com/symfony/polyfill-php80.git",
                "reference": "7a6ff3f1959bb01aefccb463a0f2cd3d3d2fd936"
            },
            "dist": {
                "type": "zip",
                "url": "https://api.github.com/repos/symfony/polyfill-php80/zipball/7a6ff3f1959bb01aefccb463a0f2cd3d3d2fd936",
                "reference": "7a6ff3f1959bb01aefccb463a0f2cd3d3d2fd936",
                "shasum": ""
            },
            "require": {
                "php": ">=7.1"
            },
            "type": "library",
            "extra": {
                "branch-alias": {
                    "dev-main": "1.27-dev"
                },
                "thanks": {
                    "name": "symfony/polyfill",
                    "url": "https://github.com/symfony/polyfill"
                }
            },
            "autoload": {
                "files": [
                    "bootstrap.php"
                ],
                "psr-4": {
                    "Symfony\\Polyfill\\Php80\\": ""
                },
                "classmap": [
                    "Resources/stubs"
                ]
            },
            "notification-url": "https://packagist.org/downloads/",
            "license": [
                "MIT"
            ],
            "authors": [
                {
                    "name": "Ion Bazan",
                    "email": "ion.bazan@gmail.com"
                },
                {
                    "name": "Nicolas Grekas",
                    "email": "p@tchwork.com"
                },
                {
                    "name": "Symfony Community",
                    "homepage": "https://symfony.com/contributors"
                }
            ],
            "description": "Symfony polyfill backporting some PHP 8.0+ features to lower PHP versions",
            "homepage": "https://symfony.com",
            "keywords": [
                "compatibility",
                "polyfill",
                "portable",
                "shim"
            ],
            "support": {
                "source": "https://github.com/symfony/polyfill-php80/tree/v1.27.0"
            },
            "funding": [
                {
                    "url": "https://symfony.com/sponsor",
                    "type": "custom"
                },
                {
                    "url": "https://github.com/fabpot",
                    "type": "github"
                },
                {
                    "url": "https://tidelift.com/funding/github/packagist/symfony/symfony",
                    "type": "tidelift"
                }
            ],
            "time": "2022-11-03T14:55:06+00:00"
        },
        {
            "name": "webarchitect609/bitrix-cache",
            "version": "v1.11.2",
            "source": {
                "type": "git",
                "url": "https://github.com/webarchitect609/bitrix-cache.git",
                "reference": "d882b1f0b260c57c662b747640dd2efd2007f052"
            },
            "dist": {
                "type": "zip",
                "url": "https://api.github.com/repos/webarchitect609/bitrix-cache/zipball/d882b1f0b260c57c662b747640dd2efd2007f052",
                "reference": "d882b1f0b260c57c662b747640dd2efd2007f052",
                "shasum": ""
            },
            "require": {
                "php": "^7.2 || ^8.0",
                "psr/cache": "^1.0",
                "psr/log": "^1.1",
                "psr/simple-cache": "^1.0",
                "symfony/contracts": "^1.1.8 || ^2.0 || ^3.0",
                "symfony/polyfill-php80": "^1.18"
            },
            "require-dev": {
                "friendsofphp/php-cs-fixer": "^3.4",
                "phpstan/phpstan": "1.10",
                "phpunit/phpunit": "^9.6",
                "roave/security-advisories": "dev-master",
                "webarchitect609/bitrix-taxidermist": "^0.2.0"
            },
            "type": "library",
            "autoload": {
                "psr-4": {
                    "WebArch\\BitrixCache\\": "src/main"
                }
            },
            "notification-url": "https://packagist.org/downloads/",
            "license": [
                "BSD-3-Clause"
            ],
            "authors": [
                {
                    "name": "Sergey Gripinskiy",
                    "email": "web-architect@mail.ru",
                    "role": "Author"
                },
                {
                    "name": "Oleg Maksimenko",
                    "email": "oleg.39style@gmail.com",
                    "role": "Contributor"
                },
                {
                    "name": "Nicolas Grekas",
                    "email": "p@tchwork.com",
                    "role": "Indirect Contributor"
                }
            ],
            "description": "Comfortable fluent interface for Bitrix cache. Anti-stampede cache protection.",
            "homepage": "https://github.com/webarchitect609/bitrix-cache",
            "keywords": [
                "bitrix",
                "cache",
                "caching",
                "psr-16"
            ],
            "support": {
                "issues": "https://github.com/webarchitect609/bitrix-cache/issues",
                "source": "https://github.com/webarchitect609/bitrix-cache/tree/v1.11.2"
            },
            "funding": [
                {
                    "url": "https://sobe.ru/na/bitrix_cache",
                    "type": "ЮMoney"
                }
            ],
            "time": "2023-02-26T12:40:16+00:00"
        },
        {
            "name": "webarchitect609/bitrix-neverinclude",
            "version": "v1.0.0",
            "source": {
                "type": "git",
                "url": "https://github.com/webarchitect609/bitrix-neverinclude.git",
                "reference": "94bb90c370bb955eb6a6aa8a055facf3c36e0610"
            },
            "dist": {
                "type": "zip",
                "url": "https://api.github.com/repos/webarchitect609/bitrix-neverinclude/zipball/94bb90c370bb955eb6a6aa8a055facf3c36e0610",
                "reference": "94bb90c370bb955eb6a6aa8a055facf3c36e0610",
                "shasum": ""
            },
            "require": {
                "php": ">=5.5.0",
                "webarchitect609/bitrix-cache": "^1.0"
            },
            "type": "library",
            "autoload": {
                "psr-4": {
                    "WebArch\\BitrixNeverInclude\\": "src/main"
                }
            },
            "notification-url": "https://packagist.org/downloads/",
            "license": [
                "MIT"
            ],
            "authors": [
                {
                    "name": "Sergey Gripinskiy",
                    "email": "web-architect@mail.ru"
                }
            ],
            "description": "Automatic Bitrix modules loader helps you forget about CModule::IncludeModule and Loader::includeModule almost FOREVER!",
            "homepage": "https://github.com/webarchitect609/bitrix-neverinclude",
            "keywords": [
                "autoloading",
                "bitrix",
                "module"
            ],
            "support": {
                "issues": "https://github.com/webarchitect609/bitrix-neverinclude/issues",
                "source": "https://github.com/webarchitect609/bitrix-neverinclude/tree/master"
            },
            "time": "2018-04-04T12:32:43+00:00"
        }
    ],
    "packages-dev": [],
    "aliases": [],
    "minimum-stability": "stable",
    "stability-flags": [],
    "prefer-stable": false,
    "prefer-lowest": false,
    "platform": [],
    "platform-dev": [],
    "plugin-api-version": "2.3.0"
}
